
Microsoft Visual Studio Solution File, Format Version 12.00
# Visual Studio Version 16
VisualStudioVersion = 16.0.32802.440
MinimumVisualStudioVersion = 10.0.40219.1
Project("{FAE04EC0-301F-11D3-BF4B-00C04F79EFBC}") = "laba№3", "laba№3\laba№3.csproj", "{11A603B6-8E1E-4030-9201-862CE718D542}"
EndProject
Global
	GlobalSection(SolutionConfigurationPlatforms) = preSolution
		Debug|Any CPU = Debug|Any CPU
		Release|Any CPU = Release|Any CPU
	EndGlobalSection
	GlobalSection(ProjectConfigurationPlatforms) = postSolution
		{11A603B6-8E1E-4030-9201-862CE718D542}.Debug|Any CPU.ActiveCfg = Debug|Any CPU
		{11A603B6-8E1E-4030-9201-862CE718D542}.Debug|Any CPU.Build.0 = Debug|Any CPU
		{11A603B6-8E1E-4030-9201-862CE718D542}.Release|Any CPU.ActiveCfg = Release|Any CPU
		{11A603B6-8E1E-4030-9201-862CE718D542}.Release|Any CPU.Build.0 = Release|Any CPU
	EndGlobalSection
	GlobalSection(SolutionProperties) = preSolution
		HideSolutionNode = FALSE
	EndGlobalSection
	GlobalSection(ExtensibilityGlobals) = postSolution
		SolutionGuid = {A1F502F7-70F7-4516-AD17-3FBD71C34F02}
	EndGlobalSection
EndGlobal
