
Microsoft Visual Studio Solution File, Format Version 12.00
# Visual Studio Version 16
VisualStudioVersion = 16.0.32802.440
MinimumVisualStudioVersion = 10.0.40219.1
Project("{FAE04EC0-301F-11D3-BF4B-00C04F79EFBC}") = "Laba№6", "Laba№6\Laba№6.csproj", "{45FF374B-5EF5-4664-9A70-96937DBCE10F}"
EndProject
Global
	GlobalSection(SolutionConfigurationPlatforms) = preSolution
		Debug|Any CPU = Debug|Any CPU
		Release|Any CPU = Release|Any CPU
	EndGlobalSection
	GlobalSection(ProjectConfigurationPlatforms) = postSolution
		{45FF374B-5EF5-4664-9A70-96937DBCE10F}.Debug|Any CPU.ActiveCfg = Debug|Any CPU
		{45FF374B-5EF5-4664-9A70-96937DBCE10F}.Debug|Any CPU.Build.0 = Debug|Any CPU
		{45FF374B-5EF5-4664-9A70-96937DBCE10F}.Release|Any CPU.ActiveCfg = Release|Any CPU
		{45FF374B-5EF5-4664-9A70-96937DBCE10F}.Release|Any CPU.Build.0 = Release|Any CPU
	EndGlobalSection
	GlobalSection(SolutionProperties) = preSolution
		HideSolutionNode = FALSE
	EndGlobalSection
	GlobalSection(ExtensibilityGlobals) = postSolution
		SolutionGuid = {2C4FFED3-B036-4419-8485-E051FC90E084}
	EndGlobalSection
EndGlobal
